
Microsoft Visual Studio Solution File, Format Version 12.00
# Visual Studio 15
VisualStudioVersion = 15.0.28307.852
MinimumVisualStudioVersion = 10.0.40219.1
Project("{FAE04EC0-301F-11D3-BF4B-00C04F79EFBC}") = "datareporter", "datareporter\datareporter.csproj", "{BE33A365-4D68-414A-8951-28C25B6F40A4}"
EndProject
Project("{FAE04EC0-301F-11D3-BF4B-00C04F79EFBC}") = "datareporter.DAL", "datareporter.DAL\datareporter.DAL.csproj", "{36BF239A-23B5-4CAA-B331-D334D8C7714B}"
EndProject
Project("{FAE04EC0-301F-11D3-BF4B-00C04F79EFBC}") = "datareporter.BLL", "datareporter.BLL\datareporter.BLL.csproj", "{36D5C709-101F-49E5-A7EC-14991C52D526}"
EndProject
Project("{FAE04EC0-301F-11D3-BF4B-00C04F79EFBC}") = "datareporter.Entity", "datareporter.Entity\datareporter.Entity.csproj", "{A06E35AA-8B36-4894-ADDD-D3CC9933E259}"
EndProject
Project("{FAE04EC0-301F-11D3-BF4B-00C04F79EFBC}") = "FTPUtil", "FTPUtil\FTPUtil.csproj", "{893A4912-9170-4416-AF5B-51126F9095B2}"
EndProject
Project("{FAE04EC0-301F-11D3-BF4B-00C04F79EFBC}") = "data.process", "data.process\data.process.csproj", "{FDE9C0C0-9D8F-4263-8EBF-223FB88CA10F}"
EndProject
Global
	GlobalSection(SolutionConfigurationPlatforms) = preSolution
		Debug|Any CPU = Debug|Any CPU
		Debug|ARM = Debug|ARM
		Debug|ARM64 = Debug|ARM64
		Debug|x64 = Debug|x64
		Debug|x86 = Debug|x86
		Release|Any CPU = Release|Any CPU
		Release|ARM = Release|ARM
		Release|ARM64 = Release|ARM64
		Release|x64 = Release|x64
		Release|x86 = Release|x86
	EndGlobalSection
	GlobalSection(ProjectConfigurationPlatforms) = postSolution
		{BE33A365-4D68-414A-8951-28C25B6F40A4}.Debug|Any CPU.ActiveCfg = Debug|Any CPU
		{BE33A365-4D68-414A-8951-28C25B6F40A4}.Debug|Any CPU.Build.0 = Debug|Any CPU
		{BE33A365-4D68-414A-8951-28C25B6F40A4}.Debug|ARM.ActiveCfg = Debug|Any CPU
		{BE33A365-4D68-414A-8951-28C25B6F40A4}.Debug|ARM.Build.0 = Debug|Any CPU
		{BE33A365-4D68-414A-8951-28C25B6F40A4}.Debug|ARM64.ActiveCfg = Debug|Any CPU
		{BE33A365-4D68-414A-8951-28C25B6F40A4}.Debug|ARM64.Build.0 = Debug|Any CPU
		{BE33A365-4D68-414A-8951-28C25B6F40A4}.Debug|x64.ActiveCfg = Debug|Any CPU
		{BE33A365-4D68-414A-8951-28C25B6F40A4}.Debug|x64.Build.0 = Debug|Any CPU
		{BE33A365-4D68-414A-8951-28C25B6F40A4}.Debug|x86.ActiveCfg = Debug|Any CPU
		{BE33A365-4D68-414A-8951-28C25B6F40A4}.Debug|x86.Build.0 = Debug|Any CPU
		{BE33A365-4D68-414A-8951-28C25B6F40A4}.Release|Any CPU.ActiveCfg = Release|Any CPU
		{BE33A365-4D68-414A-8951-28C25B6F40A4}.Release|Any CPU.Build.0 = Release|Any CPU
		{BE33A365-4D68-414A-8951-28C25B6F40A4}.Release|ARM.ActiveCfg = Release|Any CPU
		{BE33A365-4D68-414A-8951-28C25B6F40A4}.Release|ARM.Build.0 = Release|Any CPU
		{BE33A365-4D68-414A-8951-28C25B6F40A4}.Release|ARM64.ActiveCfg = Release|Any CPU
		{BE33A365-4D68-414A-8951-28C25B6F40A4}.Release|ARM64.Build.0 = Release|Any CPU
		{BE33A365-4D68-414A-8951-28C25B6F40A4}.Release|x64.ActiveCfg = Release|Any CPU
		{BE33A365-4D68-414A-8951-28C25B6F40A4}.Release|x64.Build.0 = Release|Any CPU
		{BE33A365-4D68-414A-8951-28C25B6F40A4}.Release|x86.ActiveCfg = Release|Any CPU
		{BE33A365-4D68-414A-8951-28C25B6F40A4}.Release|x86.Build.0 = Release|Any CPU
		{36BF239A-23B5-4CAA-B331-D334D8C7714B}.Debug|Any CPU.ActiveCfg = Debug|Any CPU
		{36BF239A-23B5-4CAA-B331-D334D8C7714B}.Debug|Any CPU.Build.0 = Debug|Any CPU
		{36BF239A-23B5-4CAA-B331-D334D8C7714B}.Debug|ARM.ActiveCfg = Debug|Any CPU
		{36BF239A-23B5-4CAA-B331-D334D8C7714B}.Debug|ARM.Build.0 = Debug|Any CPU
		{36BF239A-23B5-4CAA-B331-D334D8C7714B}.Debug|ARM64.ActiveCfg = Debug|Any CPU
		{36BF239A-23B5-4CAA-B331-D334D8C7714B}.Debug|ARM64.Build.0 = Debug|Any CPU
		{36BF239A-23B5-4CAA-B331-D334D8C7714B}.Debug|x64.ActiveCfg = Debug|Any CPU
		{36BF239A-23B5-4CAA-B331-D334D8C7714B}.Debug|x64.Build.0 = Debug|Any CPU
		{36BF239A-23B5-4CAA-B331-D334D8C7714B}.Debug|x86.ActiveCfg = Debug|Any CPU
		{36BF239A-23B5-4CAA-B331-D334D8C7714B}.Debug|x86.Build.0 = Debug|Any CPU
		{36BF239A-23B5-4CAA-B331-D334D8C7714B}.Release|Any CPU.ActiveCfg = Release|Any CPU
		{36BF239A-23B5-4CAA-B331-D334D8C7714B}.Release|Any CPU.Build.0 = Release|Any CPU
		{36BF239A-23B5-4CAA-B331-D334D8C7714B}.Release|ARM.ActiveCfg = Release|Any CPU
		{36BF239A-23B5-4CAA-B331-D334D8C7714B}.Release|ARM.Build.0 = Release|Any CPU
		{36BF239A-23B5-4CAA-B331-D334D8C7714B}.Release|ARM64.ActiveCfg = Release|Any CPU
		{36BF239A-23B5-4CAA-B331-D334D8C7714B}.Release|ARM64.Build.0 = Release|Any CPU
		{36BF239A-23B5-4CAA-B331-D334D8C7714B}.Release|x64.ActiveCfg = Release|Any CPU
		{36BF239A-23B5-4CAA-B331-D334D8C7714B}.Release|x64.Build.0 = Release|Any CPU
		{36BF239A-23B5-4CAA-B331-D334D8C7714B}.Release|x86.ActiveCfg = Release|Any CPU
		{36BF239A-23B5-4CAA-B331-D334D8C7714B}.Release|x86.Build.0 = Release|Any CPU
		{36D5C709-101F-49E5-A7EC-14991C52D526}.Debug|Any CPU.ActiveCfg = Debug|Any CPU
		{36D5C709-101F-49E5-A7EC-14991C52D526}.Debug|Any CPU.Build.0 = Debug|Any CPU
		{36D5C709-101F-49E5-A7EC-14991C52D526}.Debug|ARM.ActiveCfg = Debug|Any CPU
		{36D5C709-101F-49E5-A7EC-14991C52D526}.Debug|ARM.Build.0 = Debug|Any CPU
		{36D5C709-101F-49E5-A7EC-14991C52D526}.Debug|ARM64.ActiveCfg = Debug|Any CPU
		{36D5C709-101F-49E5-A7EC-14991C52D526}.Debug|ARM64.Build.0 = Debug|Any CPU
		{36D5C709-101F-49E5-A7EC-14991C52D526}.Debug|x64.ActiveCfg = Debug|Any CPU
		{36D5C709-101F-49E5-A7EC-14991C52D526}.Debug|x64.Build.0 = Debug|Any CPU
		{36D5C709-101F-49E5-A7EC-14991C52D526}.Debug|x86.ActiveCfg = Debug|Any CPU
		{36D5C709-101F-49E5-A7EC-14991C52D526}.Debug|x86.Build.0 = Debug|Any CPU
		{36D5C709-101F-49E5-A7EC-14991C52D526}.Release|Any CPU.ActiveCfg = Release|Any CPU
		{36D5C709-101F-49E5-A7EC-14991C52D526}.Release|Any CPU.Build.0 = Release|Any CPU
		{36D5C709-101F-49E5-A7EC-14991C52D526}.Release|ARM.ActiveCfg = Release|Any CPU
		{36D5C709-101F-49E5-A7EC-14991C52D526}.Release|ARM.Build.0 = Release|Any CPU
		{36D5C709-101F-49E5-A7EC-14991C52D526}.Release|ARM64.ActiveCfg = Release|Any CPU
		{36D5C709-101F-49E5-A7EC-14991C52D526}.Release|ARM64.Build.0 = Release|Any CPU
		{36D5C709-101F-49E5-A7EC-14991C52D526}.Release|x64.ActiveCfg = Release|Any CPU
		{36D5C709-101F-49E5-A7EC-14991C52D526}.Release|x64.Build.0 = Release|Any CPU
		{36D5C709-101F-49E5-A7EC-14991C52D526}.Release|x86.ActiveCfg = Release|Any CPU
		{36D5C709-101F-49E5-A7EC-14991C52D526}.Release|x86.Build.0 = Release|Any CPU
		{A06E35AA-8B36-4894-ADDD-D3CC9933E259}.Debug|Any CPU.ActiveCfg = Debug|Any CPU
		{A06E35AA-8B36-4894-ADDD-D3CC9933E259}.Debug|Any CPU.Build.0 = Debug|Any CPU
		{A06E35AA-8B36-4894-ADDD-D3CC9933E259}.Debug|ARM.ActiveCfg = Debug|Any CPU
		{A06E35AA-8B36-4894-ADDD-D3CC9933E259}.Debug|ARM.Build.0 = Debug|Any CPU
		{A06E35AA-8B36-4894-ADDD-D3CC9933E259}.Debug|ARM64.ActiveCfg = Debug|Any CPU
		{A06E35AA-8B36-4894-ADDD-D3CC9933E259}.Debug|ARM64.Build.0 = Debug|Any CPU
		{A06E35AA-8B36-4894-ADDD-D3CC9933E259}.Debug|x64.ActiveCfg = Debug|Any CPU
		{A06E35AA-8B36-4894-ADDD-D3CC9933E259}.Debug|x64.Build.0 = Debug|Any CPU
		{A06E35AA-8B36-4894-ADDD-D3CC9933E259}.Debug|x86.ActiveCfg = Debug|Any CPU
		{A06E35AA-8B36-4894-ADDD-D3CC9933E259}.Debug|x86.Build.0 = Debug|Any CPU
		{A06E35AA-8B36-4894-ADDD-D3CC9933E259}.Release|Any CPU.ActiveCfg = Release|Any CPU
		{A06E35AA-8B36-4894-ADDD-D3CC9933E259}.Release|Any CPU.Build.0 = Release|Any CPU
		{A06E35AA-8B36-4894-ADDD-D3CC9933E259}.Release|ARM.ActiveCfg = Release|Any CPU
		{A06E35AA-8B36-4894-ADDD-D3CC9933E259}.Release|ARM.Build.0 = Release|Any CPU
		{A06E35AA-8B36-4894-ADDD-D3CC9933E259}.Release|ARM64.ActiveCfg = Release|Any CPU
		{A06E35AA-8B36-4894-ADDD-D3CC9933E259}.Release|ARM64.Build.0 = Release|Any CPU
		{A06E35AA-8B36-4894-ADDD-D3CC9933E259}.Release|x64.ActiveCfg = Release|Any CPU
		{A06E35AA-8B36-4894-ADDD-D3CC9933E259}.Release|x64.Build.0 = Release|Any CPU
		{A06E35AA-8B36-4894-ADDD-D3CC9933E259}.Release|x86.ActiveCfg = Release|Any CPU
		{A06E35AA-8B36-4894-ADDD-D3CC9933E259}.Release|x86.Build.0 = Release|Any CPU
		{893A4912-9170-4416-AF5B-51126F9095B2}.Debug|Any CPU.ActiveCfg = Debug|Any CPU
		{893A4912-9170-4416-AF5B-51126F9095B2}.Debug|Any CPU.Build.0 = Debug|Any CPU
		{893A4912-9170-4416-AF5B-51126F9095B2}.Debug|ARM.ActiveCfg = Debug|Any CPU
		{893A4912-9170-4416-AF5B-51126F9095B2}.Debug|ARM.Build.0 = Debug|Any CPU
		{893A4912-9170-4416-AF5B-51126F9095B2}.Debug|ARM64.ActiveCfg = Debug|Any CPU
		{893A4912-9170-4416-AF5B-51126F9095B2}.Debug|ARM64.Build.0 = Debug|Any CPU
		{893A4912-9170-4416-AF5B-51126F9095B2}.Debug|x64.ActiveCfg = Debug|Any CPU
		{893A4912-9170-4416-AF5B-51126F9095B2}.Debug|x64.Build.0 = Debug|Any CPU
		{893A4912-9170-4416-AF5B-51126F9095B2}.Debug|x86.ActiveCfg = Debug|Any CPU
		{893A4912-9170-4416-AF5B-51126F9095B2}.Debug|x86.Build.0 = Debug|Any CPU
		{893A4912-9170-4416-AF5B-51126F9095B2}.Release|Any CPU.ActiveCfg = Release|Any CPU
		{893A4912-9170-4416-AF5B-51126F9095B2}.Release|Any CPU.Build.0 = Release|Any CPU
		{893A4912-9170-4416-AF5B-51126F9095B2}.Release|ARM.ActiveCfg = Release|Any CPU
		{893A4912-9170-4416-AF5B-51126F9095B2}.Release|ARM.Build.0 = Release|Any CPU
		{893A4912-9170-4416-AF5B-51126F9095B2}.Release|ARM64.ActiveCfg = Release|Any CPU
		{893A4912-9170-4416-AF5B-51126F9095B2}.Release|ARM64.Build.0 = Release|Any CPU
		{893A4912-9170-4416-AF5B-51126F9095B2}.Release|x64.ActiveCfg = Release|Any CPU
		{893A4912-9170-4416-AF5B-51126F9095B2}.Release|x64.Build.0 = Release|Any CPU
		{893A4912-9170-4416-AF5B-51126F9095B2}.Release|x86.ActiveCfg = Release|Any CPU
		{893A4912-9170-4416-AF5B-51126F9095B2}.Release|x86.Build.0 = Release|Any CPU
		{FDE9C0C0-9D8F-4263-8EBF-223FB88CA10F}.Debug|Any CPU.ActiveCfg = Debug|Any CPU
		{FDE9C0C0-9D8F-4263-8EBF-223FB88CA10F}.Debug|Any CPU.Build.0 = Debug|Any CPU
		{FDE9C0C0-9D8F-4263-8EBF-223FB88CA10F}.Debug|ARM.ActiveCfg = Debug|Any CPU
		{FDE9C0C0-9D8F-4263-8EBF-223FB88CA10F}.Debug|ARM.Build.0 = Debug|Any CPU
		{FDE9C0C0-9D8F-4263-8EBF-223FB88CA10F}.Debug|ARM64.ActiveCfg = Debug|Any CPU
		{FDE9C0C0-9D8F-4263-8EBF-223FB88CA10F}.Debug|ARM64.Build.0 = Debug|Any CPU
		{FDE9C0C0-9D8F-4263-8EBF-223FB88CA10F}.Debug|x64.ActiveCfg = Debug|Any CPU
		{FDE9C0C0-9D8F-4263-8EBF-223FB88CA10F}.Debug|x64.Build.0 = Debug|Any CPU
		{FDE9C0C0-9D8F-4263-8EBF-223FB88CA10F}.Debug|x86.ActiveCfg = Debug|Any CPU
		{FDE9C0C0-9D8F-4263-8EBF-223FB88CA10F}.Debug|x86.Build.0 = Debug|Any CPU
		{FDE9C0C0-9D8F-4263-8EBF-223FB88CA10F}.Release|Any CPU.ActiveCfg = Release|Any CPU
		{FDE9C0C0-9D8F-4263-8EBF-223FB88CA10F}.Release|Any CPU.Build.0 = Release|Any CPU
		{FDE9C0C0-9D8F-4263-8EBF-223FB88CA10F}.Release|ARM.ActiveCfg = Release|Any CPU
		{FDE9C0C0-9D8F-4263-8EBF-223FB88CA10F}.Release|ARM.Build.0 = Release|Any CPU
		{FDE9C0C0-9D8F-4263-8EBF-223FB88CA10F}.Release|ARM64.ActiveCfg = Release|Any CPU
		{FDE9C0C0-9D8F-4263-8EBF-223FB88CA10F}.Release|ARM64.Build.0 = Release|Any CPU
		{FDE9C0C0-9D8F-4263-8EBF-223FB88CA10F}.Release|x64.ActiveCfg = Release|Any CPU
		{FDE9C0C0-9D8F-4263-8EBF-223FB88CA10F}.Release|x64.Build.0 = Release|Any CPU
		{FDE9C0C0-9D8F-4263-8EBF-223FB88CA10F}.Release|x86.ActiveCfg = Release|Any CPU
		{FDE9C0C0-9D8F-4263-8EBF-223FB88CA10F}.Release|x86.Build.0 = Release|Any CPU
	EndGlobalSection
	GlobalSection(SolutionProperties) = preSolution
		HideSolutionNode = FALSE
	EndGlobalSection
	GlobalSection(ExtensibilityGlobals) = postSolution
		SolutionGuid = {10849B6D-6B54-47B7-8198-53E05DDA7362}
	EndGlobalSection
EndGlobal
